
Microsoft Visual Studio Solution File, Format Version 12.00
# Visual Studio Version 17
VisualStudioVersion = 17.7.34024.191
MinimumVisualStudioVersion = 10.0.40219.1
Project("{FAE04EC0-301F-11D3-BF4B-00C04F79EFBC}") = "aGitTest", "aGitTest\aGitTest.csproj", "{FEDEB080-16CC-46F9-9D91-2D6663227AE7}"
EndProject
Global
	GlobalSection(SolutionConfigurationPlatforms) = preSolution
		Debug|Any CPU = Debug|Any CPU
		Release|Any CPU = Release|Any CPU
	EndGlobalSection
	GlobalSection(ProjectConfigurationPlatforms) = postSolution
		{FEDEB080-16CC-46F9-9D91-2D6663227AE7}.Debug|Any CPU.ActiveCfg = Debug|Any CPU
		{FEDEB080-16CC-46F9-9D91-2D6663227AE7}.Debug|Any CPU.Build.0 = Debug|Any CPU
		{FEDEB080-16CC-46F9-9D91-2D6663227AE7}.Release|Any CPU.ActiveCfg = Release|Any CPU
		{FEDEB080-16CC-46F9-9D91-2D6663227AE7}.Release|Any CPU.Build.0 = Release|Any CPU
	EndGlobalSection
	GlobalSection(SolutionProperties) = preSolution
		HideSolutionNode = FALSE
	EndGlobalSection
	GlobalSection(ExtensibilityGlobals) = postSolution
		SolutionGuid = {B5664B00-0C8B-41C2-887C-FB9782499CBF}
	EndGlobalSection
EndGlobal
